// !$*UTF8*$!
{
	archiveVersion = 1;
	classes = {
	};
	objectVersion = 77;
	objects = {

/* Begin PBXBuildFile section */
		1CBD7B9D2F89DA7E00F4D2C9 /* gemma-2-2b-it-Q4_K_M.gguf in Resources */ = {isa = PBXBuildFile; fileRef = 1CBD7B9C2F89DA7E00F4D2C9 /* gemma-2-2b-it-Q4_K_M.gguf */; };
		1CD94A6B2F9888F30065043F /* WhisperKit in Frameworks */ = {isa = PBXBuildFile; productRef = 1CD94A6A2F9888F30065043F /* WhisperKit */; };
		2AKK0001000000000000001B /* kokoro in Resources */ = {isa = PBXBuildFile; fileRef = 2AKK0001000000000000001A /* kokoro */; };
/* End PBXBuildFile section */

/* Begin PBXCopyFilesBuildPhase section */
		1CD953AE2F9B19210065043F /* Embed Frameworks */ = {
			isa = PBXCopyFilesBuildPhase;
			buildActionMask = 2147483647;
			dstPath = "";
			dstSubfolderSpec = 10;
			files = (
			);
			name = "Embed Frameworks";
			runOnlyForDeploymentPostprocessing = 0;
		};
/* End PBXCopyFilesBuildPhase section */

/* Begin PBXFileReference section */
		1C162F3D2F46AE46005487FF /* DominusApp.app */ = {isa = PBXFileReference; explicitFileType = wrapper.application; includeInIndex = 0; path = DominusApp.app; sourceTree = BUILT_PRODUCTS_DIR; };
		1CBD7B9C2F89DA7E00F4D2C9 /* gemma-2-2b-it-Q4_K_M.gguf */ = {isa = PBXFileReference; lastKnownFileType = file; name = "gemma-2-2b-it-Q4_K_M.gguf"; path = "DominusApp/gemma-2-2b-it-Q4_K_M.gguf"; sourceTree = "<group>"; };
		2AKK0001000000000000001A /* kokoro */ = {isa = PBXFileReference; lastKnownFileType = folder; name = kokoro; path = kokoro; sourceTree = SOURCE_ROOT; };
/* End PBXFileReference section */

/* Begin PBXFileSystemSynchronizedBuildFileExceptionSet section */
		1C162F542F46AED5005487FF /* Exceptions for "DominusApp" folder in "DominusApp" target */ = {
			isa = PBXFileSystemSynchronizedBuildFileExceptionSet;
			membershipExceptions = (
				Info.plist,
			);
			target = 1C162F3C2F46AE46005487FF /* DominusApp */;
		};
/* End PBXFileSystemSynchronizedBuildFileExceptionSet section */

/* Begin PBXFileSystemSynchronizedGroupBuildPhaseMembershipExceptionSet section */
		1CD953AF2F9B19210065043F /* Exceptions for "DominusApp" folder in "Embed Frameworks" phase from "DominusApp" target */ = {
			isa = PBXFileSystemSynchronizedGroupBuildPhaseMembershipExceptionSet;
			attributesByRelativePath = {
				onnxruntime.xcframework = (CodeSignOnCopy, RemoveHeadersOnCopy, );
				"sherpa-onnx.xcframework" = (CodeSignOnCopy, RemoveHeadersOnCopy, );
			};
			buildPhase = 1CD953AE2F9B19210065043F /* Embed Frameworks */;
			membershipExceptions = (
				onnxruntime.xcframework,
				"sherpa-onnx.xcframework",
			);
		};
/* End PBXFileSystemSynchronizedGroupBuildPhaseMembershipExceptionSet section */

/* Begin PBXFileSystemSynchronizedRootGroup section */
		1C162F3F2F46AE46005487FF /* DominusApp */ = {
			isa = PBXFileSystemSynchronizedRootGroup;
			exceptions = (
				1C162F542F46AED5005487FF /* Exceptions for "DominusApp" folder in "DominusApp" target */,
				1CD953AF2F9B19210065043F /* Exceptions for "DominusApp" folder in "Embed Frameworks" phase from "DominusApp" target */,
			);
			path = DominusApp;
			sourceTree = "<group>";
		};
/* End PBXFileSystemSynchronizedRootGroup section */

/* Begin PBXFrameworksBuildPhase section */
		1C162F3A2F46AE46005487FF /* Frameworks */ = {
			isa = PBXFrameworksBuildPhase;
			buildActionMask = 2147483647;
			files = (
				1CD94A6B2F9888F30065043F /* WhisperKit in Frameworks */,
				1CE31F7B2F8A127400F9EBE5 /* SwiftLlama in Frameworks */,
			);
			runOnlyForDeploymentPostprocessing = 0;
		};
/* End PBXFrameworksBuildPhase section */

/* Begin PBXGroup section */
		1C162F342F46AE45005487FF = {
			isa = PBXGroup;
			children = (
				1C162F3F2F46AE46005487FF /* DominusApp */,
				2AKK0001000000000000001A /* kokoro */,
				1C162F3E2F46AE46005487FF /* Products */,
				1CE31F142F89F3CF00F9EBE5 /* Recovered References */,
				1CD94A692F9888F30065043F /* Frameworks */,
			);
			sourceTree = "<group>";
		};
		1C162F3E2F46AE46005487FF /* Products */ = {
			isa = PBXGroup;
			children = (
				1C162F3D2F46AE46005487FF /* DominusApp.app */,
			);
			name = Products;
			sourceTree = "<group>";
		};
		1CD94A692F9888F30065043F /* Frameworks */ = {
			isa = PBXGroup;
			children = (
			);
			name = Frameworks;
			sourceTree = "<group>";
		};
		1CE31F142F89F3CF00F9EBE5 /* Recovered References */ = {
			isa = PBXGroup;
			children = (
				1CBD7B9C2F89DA7E00F4D2C9 /* gemma-2-2b-it-Q4_K_M.gguf */,
			);
			name = "Recovered References";
			sourceTree = "<group>";
		};
/* End PBXGroup section */

/* Begin PBXNativeTarget section */
		1C162F3C2F46AE46005487FF /* DominusApp */ = {
			isa = PBXNativeTarget;
			buildConfigurationList = 1C162F482F46AE48005487FF /* Build configuration list for PBXNativeTarget "DominusApp" */;
			buildPhases = (
				1C162F392F46AE46005487FF /* Sources */,
				1C162F3A2F46AE46005487FF /* Frameworks */,
				1C162F3B2F46AE46005487FF /* Resources */,
				1CD953AE2F9B19210065043F /* Embed Frameworks */,
			);
			buildRules = (
			);
			dependencies = (
			);
			fileSystemSynchronizedGroups = (
				1C162F3F2F46AE46005487FF /* DominusApp */,
				2AKK0001000000000000001A /* kokoro */,
			);
			name = DominusApp;
			packageProductDependencies = (
				1CE31F7A2F8A127400F9EBE5 /* SwiftLlama */,
				1CD94A6A2F9888F30065043F /* WhisperKit */,
			);
			productName = DominusApp;
			productReference = 1C162F3D2F46AE46005487FF /* DominusApp.app */;
			productType = "com.apple.product-type.application";
		};
/* End PBXNativeTarget section */

/* Begin PBXProject section */
		1C162F352F46AE45005487FF /* Project object */ = {
			isa = PBXProject;
			attributes = {
				BuildIndependentTargetsInParallel = 1;
				LastSwiftUpdateCheck = 2620;
				LastUpgradeCheck = 2620;
				TargetAttributes = {
					1C162F3C2F46AE46005487FF = {
						CreatedOnToolsVersion = 26.2;
					};
				};
			};
			buildConfigurationList = 1C162F382F46AE45005487FF /* Build configuration list for PBXProject "DominusApp" */;
			developmentRegion = en;
			hasScannedForEncodings = 0;
			knownRegions = (
				en,
				Base,
			);
			mainGroup = 1C162F342F46AE45005487FF;
			minimizedProjectReferenceProxies = 1;
			packageReferences = (
				1CE31F792F8A127400F9EBE5 /* XCRemoteSwiftPackageReference "swift-llama-cpp" */,
				1CD94A462F9887D80065043F /* XCRemoteSwiftPackageReference "WhisperKit" */,
			);
			preferredProjectObjectVersion = 77;
			productRefGroup = 1C162F3E2F46AE46005487FF /* Products */;
			projectDirPath = "";
			projectRoot = "";
			targets = (
				1C162F3C2F46AE46005487FF /* DominusApp */,
			);
		};
/* End PBXProject section */

/* Begin PBXResourcesBuildPhase section */
		1C162F3B2F46AE46005487FF /* Resources */ = {
			isa = PBXResourcesBuildPhase;
			buildActionMask = 2147483647;
			files = (
				1CBD7B9D2F89DA7E00F4D2C9 /* gemma-2-2b-it-Q4_K_M.gguf in Resources */,
					2AKK0001000000000000001B /* kokoro in Resources */,
				1CD95F002F9B1F6E0065043F /* sr in Resources */,
				1CD95F012F9B1F6E0065043F /* he in Resources */,
				1CD95F052F9B1F6E0065043F /* ne in Resources */,
				1CD95F062F9B1F6E0065043F /* ky in Resources */,
				1CD95F0C2F9B1F6E0065043F /* io in Resources */,
				1CD95F0D2F9B1F6E0065043F /* tn in Resources */,
				1CD95F182F9B1F6E0065043F /* vi-VN-x-south in Resources */,
				1CD95F1D2F9B1F6E0065043F /* uk in Resources */,
				1CD95F222F9B1F6E0065043F /* it in Resources */,
				1CD95F232F9B1F6E0065043F /* af in Resources */,
				1CD95F242F9B1F6E0065043F /* am in Resources */,
				1CD95F282F9B1F6E0065043F /* kl in Resources */,
				1CD95F302F9B1F6E0065043F /* ja in Resources */,
				1CD95F342F9B1F6E0065043F /* id in Resources */,
				1CD95F382F9B1F6E0065043F /* bs in Resources */,
				1CD95F3B2F9B1F6E0065043F /* en in Resources */,
				1CD95F422F9B1F6E0065043F /* tk in Resources */,
				1CD95F452F9B1F6E0065043F /* de in Resources */,
				1CD95F4B2F9B1F6E0065043F /* kk in Resources */,
				1CD95F542F9B1F6E0065043F /* ms in Resources */,
				1CD95F572F9B1F6E0065043F /* vi in Resources */,
				1CD95F582F9B1F6E0065043F /* or in Resources */,
				1CD95F592F9B1F6E0065043F /* en-GB-x-gbclan in Resources */,
				1CD95F5C2F9B1F6E0065043F /* et in Resources */,
				1CD95F642F9B1F6E0065043F /* gd in Resources */,
				1CD95F652F9B1F6E0065043F /* hr in Resources */,
				1CD95F662F9B1F6E0065043F /* as in Resources */,
				1CD95F6B2F9B1F6E0065043F /* ru-LV in Resources */,
				1CD95F772F9B1F6E0065043F /* ug in Resources */,
				1CD95F822F9B1F6E0065043F /* en-US in Resources */,
				1CD95F832F9B1F6E0065043F /* eu in Resources */,
				1CD95F842F9B1F6E0065043F /* vi-VN-x-central in Resources */,
				1CD95F882F9B1F6E0065043F /* mt in Resources */,
				1CD95F892F9B1F6E0065043F /* el in Resources */,
				1CD95F8A2F9B1F6E0065043F /* sk in Resources */,
				1CD95F8E2F9B1F6E0065043F /* qu in Resources */,
				1CD95F912F9B1F6E0065043F /* si in Resources */,
				1CD95F932F9B1F6E0065043F /* sw in Resources */,
				1CD95F972F9B1F6E0065043F /* mi in Resources */,
				1CD95F982F9B1F6E0065043F /* pl in Resources */,
				1CD95F9A2F9B1F6E0065043F /* en-GB-x-gbcwmd in Resources */,
				1CD95F9D2F9B1F6E0065043F /* ia in Resources */,
				1CD95F9F2F9B1F6E0065043F /* fi in Resources */,
				1CD95FA02F9B1F6E0065043F /* lb in Resources */,
				1CD95FA12F9B1F6E0065043F /* sd in Resources */,
				1CD95FA42F9B1F6E0065043F /* cv in Resources */,
				1CD95FA52F9B1F6E0065043F /* hi in Resources */,
				1CD95FA82F9B1F6E0065043F /* kn in Resources */,
				1CD95FA92F9B1F6E0065043F /* ku in Resources */,
				1CD95FAD2F9B1F6E0065043F /* ht in Resources */,
				1CD95FB72F9B1F6E0065043F /* be in Resources */,
				1CD95FBE2F9B1F6E0065043F /* ur in Resources */,
				1CD95FBF2F9B1F6E0065043F /* en-GB-x-rp in Resources */,
				1CD95FC02F9B1F6E0065043F /* pt-BR in Resources */,
				1CD95FC22F9B1F6E0065043F /* sl in Resources */,
				1CD95FC32F9B1F6E0065043F /* ta in Resources */,
				1CD95FC52F9B1F6E0065043F /* cs in Resources */,
				1CD95FC82F9B1F6E0065043F /* cy in Resources */,
				1CD95FC92F9B1F6E0065043F /* ar in Resources */,
				1CD95FCE2F9B1F6E0065043F /* es in Resources */,
				1CD95FD02F9B1F6E0065043F /* ed in Resources */,
				1CD95FD52F9B1F6E0065043F /* hy in Resources */,
				1CD95FD72F9B1F6E0065043F /* gu in Resources */,
				1CD95FDA2F9B1F6E0065043F /* sq in Resources */,
				1CD95FDF2F9B1F6E0065043F /* py in Resources */,
				1CD95FE02F9B1F6E0065043F /* ga in Resources */,
				1CD95FE52F9B1F6E0065043F /* my in Resources */,
				1CD95FEC2F9B1F6E0065043F /* fr-CH in Resources */,
				1CD95FED2F9B1F6E0065043F /* mr in Resources */,
				1CD95FEE2F9B1F6E0065043F /* ka in Resources */,
				1CD95FFE2F9B1F6E0065043F /* hu in Resources */,
				1CD960022F9B1F6E0065043F /* bn in Resources */,
				1CD960052F9B1F6E0065043F /* pa in Resources */,
				1CD960072F9B1F6E0065043F /* is in Resources */,
				1CD960082F9B1F6E0065043F /* eo in Resources */,
				1CD9600B2F9B1F6E0065043F /* tr in Resources */,
				1CD9600C2F9B1F6E0065043F /* gn in Resources */,
				1CD9600E2F9B1F6E0065043F /* pt in Resources */,
			);
			runOnlyForDeploymentPostprocessing = 0;
		};
/* End PBXResourcesBuildPhase section */

/* Begin PBXSourcesBuildPhase section */
		1C162F392F46AE46005487FF /* Sources */ = {
			isa = PBXSourcesBuildPhase;
			buildActionMask = 2147483647;
			files = (
			);
			runOnlyForDeploymentPostprocessing = 0;
		};
/* End PBXSourcesBuildPhase section */

/* Begin XCBuildConfiguration section */
		1C162F462F46AE48005487FF /* Debug */ = {
			isa = XCBuildConfiguration;
			buildSettings = {
				ALWAYS_SEARCH_USER_PATHS = NO;
				ASSETCATALOG_COMPILER_GENERATE_SWIFT_ASSET_SYMBOL_EXTENSIONS = YES;
				CLANG_ANALYZER_NONNULL = YES;
				CLANG_ANALYZER_NUMBER_OBJECT_CONVERSION = YES_AGGRESSIVE;
				CLANG_CXX_LANGUAGE_STANDARD = "gnu++20";
				CLANG_ENABLE_MODULES = YES;
				CLANG_ENABLE_OBJC_ARC = YES;
				CLANG_ENABLE_OBJC_WEAK = YES;
				CLANG_WARN_BLOCK_CAPTURE_AUTORELEASING = YES;
				CLANG_WARN_BOOL_CONVERSION = YES;
				CLANG_WARN_COMMA = YES;
				CLANG_WARN_CONSTANT_CONVERSION = YES;
				CLANG_WARN_DEPRECATED_OBJC_IMPLEMENTATIONS = YES;
				CLANG_WARN_DIRECT_OBJC_ISA_USAGE = YES_ERROR;
				CLANG_WARN_DOCUMENTATION_COMMENTS = YES;
				CLANG_WARN_EMPTY_BODY = YES;
				CLANG_WARN_ENUM_CONVERSION = YES;
				CLANG_WARN_INFINITE_RECURSION = YES;
				CLANG_WARN_INT_CONVERSION = YES;
				CLANG_WARN_NON_LITERAL_NULL_CONVERSION = YES;
				CLANG_WARN_OBJC_IMPLICIT_RETAIN_SELF = YES;
				CLANG_WARN_OBJC_LITERAL_CONVERSION = YES;
				CLANG_WARN_OBJC_ROOT_CLASS = YES_ERROR;
				CLANG_WARN_QUOTED_INCLUDE_IN_FRAMEWORK_HEADER = YES;
				CLANG_WARN_RANGE_LOOP_ANALYSIS = YES;
				CLANG_WARN_STRICT_PROTOTYPES = YES;
				CLANG_WARN_SUSPICIOUS_MOVE = YES;
				CLANG_WARN_UNGUARDED_AVAILABILITY = YES_AGGRESSIVE;
				CLANG_WARN_UNREACHABLE_CODE = YES;
				CLANG_WARN__DUPLICATE_METHOD_MATCH = YES;
				COPY_PHASE_STRIP = NO;
				DEBUG_INFORMATION_FORMAT = dwarf;
				DEVELOPMENT_TEAM = DA9WT399CQ;
				ENABLE_STRICT_OBJC_MSGSEND = YES;
				ENABLE_TESTABILITY = YES;
				ENABLE_USER_SCRIPT_SANDBOXING = YES;
				GCC_C_LANGUAGE_STANDARD = gnu17;
				GCC_DYNAMIC_NO_PIC = NO;
				GCC_NO_COMMON_BLOCKS = YES;
				GCC_OPTIMIZATION_LEVEL = 0;
				GCC_PREPROCESSOR_DEFINITIONS = (
					"DEBUG=1",
					"$(inherited)",
				);
				GCC_WARN_64_TO_32_BIT_CONVERSION = YES;
				GCC_WARN_ABOUT_RETURN_TYPE = YES_ERROR;
				GCC_WARN_UNDECLARED_SELECTOR = YES;
				GCC_WARN_UNINITIALIZED_AUTOS = YES_AGGRESSIVE;
				GCC_WARN_UNUSED_FUNCTION = YES;
				GCC_WARN_UNUSED_VARIABLE = YES;
				IPHONEOS_DEPLOYMENT_TARGET = 26.2;
				LOCALIZATION_PREFERS_STRING_CATALOGS = YES;
				MTL_ENABLE_DEBUG_INFO = INCLUDE_SOURCE;
				MTL_FAST_MATH = YES;
				ONLY_ACTIVE_ARCH = YES;
				SDKROOT = iphoneos;
				SWIFT_ACTIVE_COMPILATION_CONDITIONS = "DEBUG $(inherited)";
				SWIFT_OPTIMIZATION_LEVEL = "-Onone";
			};
			name = Debug;
		};
		1C162F472F46AE48005487FF /* Release */ = {
			isa = XCBuildConfiguration;
			buildSettings = {
				ALWAYS_SEARCH_USER_PATHS = NO;
				ASSETCATALOG_COMPILER_GENERATE_SWIFT_ASSET_SYMBOL_EXTENSIONS = YES;
				CLANG_ANALYZER_NONNULL = YES;
				CLANG_ANALYZER_NUMBER_OBJECT_CONVERSION = YES_AGGRESSIVE;
				CLANG_CXX_LANGUAGE_STANDARD = "gnu++20";
				CLANG_ENABLE_MODULES = YES;
				CLANG_ENABLE_OBJC_ARC = YES;
				CLANG_ENABLE_OBJC_WEAK = YES;
				CLANG_WARN_BLOCK_CAPTURE_AUTORELEASING = YES;
				CLANG_WARN_BOOL_CONVERSION = YES;
				CLANG_WARN_COMMA = YES;
				CLANG_WARN_CONSTANT_CONVERSION = YES;
				CLANG_WARN_DEPRECATED_OBJC_IMPLEMENTATIONS = YES;
				CLANG_WARN_DIRECT_OBJC_ISA_USAGE = YES_ERROR;
				CLANG_WARN_DOCUMENTATION_COMMENTS = YES;
				CLANG_WARN_EMPTY_BODY = YES;
				CLANG_WARN_ENUM_CONVERSION = YES;
				CLANG_WARN_INFINITE_RECURSION = YES;
				CLANG_WARN_INT_CONVERSION = YES;
				CLANG_WARN_NON_LITERAL_NULL_CONVERSION = YES;
				CLANG_WARN_OBJC_IMPLICIT_RETAIN_SELF = YES;
				CLANG_WARN_OBJC_LITERAL_CONVERSION = YES;
				CLANG_WARN_OBJC_ROOT_CLASS = YES_ERROR;
				CLANG_WARN_QUOTED_INCLUDE_IN_FRAMEWORK_HEADER = YES;
				CLANG_WARN_RANGE_LOOP_ANALYSIS = YES;
				CLANG_WARN_STRICT_PROTOTYPES = YES;
				CLANG_WARN_SUSPICIOUS_MOVE = YES;
				CLANG_WARN_UNGUARDED_AVAILABILITY = YES_AGGRESSIVE;
				CLANG_WARN_UNREACHABLE_CODE = YES;
				CLANG_WARN__DUPLICATE_METHOD_MATCH = YES;
				COPY_PHASE_STRIP = NO;
				DEBUG_INFORMATION_FORMAT = "dwarf-with-dsym";
				DEVELOPMENT_TEAM = DA9WT399CQ;
				ENABLE_NS_ASSERTIONS = NO;
				ENABLE_STRICT_OBJC_MSGSEND = YES;
				ENABLE_USER_SCRIPT_SANDBOXING = YES;
				GCC_C_LANGUAGE_STANDARD = gnu17;
				GCC_NO_COMMON_BLOCKS = YES;
				GCC_WARN_64_TO_32_BIT_CONVERSION = YES;
				GCC_WARN_ABOUT_RETURN_TYPE = YES_ERROR;
				GCC_WARN_UNDECLARED_SELECTOR = YES;
				GCC_WARN_UNINITIALIZED_AUTOS = YES_AGGRESSIVE;
				GCC_WARN_UNUSED_FUNCTION = YES;
				GCC_WARN_UNUSED_VARIABLE = YES;
				IPHONEOS_DEPLOYMENT_TARGET = 26.2;
				LOCALIZATION_PREFERS_STRING_CATALOGS = YES;
				MTL_ENABLE_DEBUG_INFO = NO;
				MTL_FAST_MATH = YES;
				SDKROOT = iphoneos;
				SWIFT_COMPILATION_MODE = wholemodule;
				VALIDATE_PRODUCT = YES;
			};
			name = Release;
		};
		1C162F492F46AE48005487FF /* Debug */ = {
			isa = XCBuildConfiguration;
			buildSettings = {
				ASSETCATALOG_COMPILER_APPICON_NAME = AppIcon;
				ASSETCATALOG_COMPILER_GLOBAL_ACCENT_COLOR_NAME = AccentColor;
				CODE_SIGN_STYLE = Automatic;
				CURRENT_PROJECT_VERSION = 1;
				DEVELOPMENT_TEAM = DA9WT399CQ;
				ENABLE_PREVIEWS = YES;
				GENERATE_INFOPLIST_FILE = YES;
				INFOPLIST_FILE = DominusApp/Info.plist;
				INFOPLIST_KEY_CFBundleDisplayName = Dominus;
				INFOPLIST_KEY_NSMicrophoneUsageDescription = "";
				INFOPLIST_KEY_NSSpeechRecognitionUsageDescription = "";
				INFOPLIST_KEY_UIApplicationSceneManifest_Generation = YES;
				INFOPLIST_KEY_UIApplicationSupportsIndirectInputEvents = YES;
				INFOPLIST_KEY_UILaunchScreen_Generation = YES;
				INFOPLIST_KEY_UISupportedInterfaceOrientations_iPad = "UIInterfaceOrientationPortrait UIInterfaceOrientationPortraitUpsideDown UIInterfaceOrientationLandscapeLeft UIInterfaceOrientationLandscapeRight";
				INFOPLIST_KEY_UISupportedInterfaceOrientations_iPhone = "UIInterfaceOrientationPortrait UIInterfaceOrientationLandscapeLeft UIInterfaceOrientationLandscapeRight";
				LD_RUNPATH_SEARCH_PATHS = (
					"$(inherited)",
					"@executable_path/Frameworks",
				);
				MARKETING_VERSION = 1.0;
				PRODUCT_BUNDLE_IDENTIFIER = com.creed.dominus1;
				PRODUCT_NAME = "$(TARGET_NAME)";
				STRING_CATALOG_GENERATE_SYMBOLS = YES;
				SWIFT_APPROACHABLE_CONCURRENCY = YES;
				SWIFT_DEFAULT_ACTOR_ISOLATION = MainActor;
				SWIFT_EMIT_LOC_STRINGS = YES;
				SWIFT_OBJC_BRIDGING_HEADER = "DominusApp/SherpaOnnx-Bridging-Header.h";
				SWIFT_UPCOMING_FEATURE_MEMBER_IMPORT_VISIBILITY = YES;
				SWIFT_VERSION = 5.0;
				TARGETED_DEVICE_FAMILY = "1,2";
			};
			name = Debug;
		};
		1C162F4A2F46AE48005487FF /* Release */ = {
			isa = XCBuildConfiguration;
			buildSettings = {
				ASSETCATALOG_COMPILER_APPICON_NAME = AppIcon;
				ASSETCATALOG_COMPILER_GLOBAL_ACCENT_COLOR_NAME = AccentColor;
				CODE_SIGN_STYLE = Automatic;
				CURRENT_PROJECT_VERSION = 1;
				DEVELOPMENT_TEAM = DA9WT399CQ;
				ENABLE_PREVIEWS = YES;
				GENERATE_INFOPLIST_FILE = YES;
				INFOPLIST_FILE = DominusApp/Info.plist;
				INFOPLIST_KEY_CFBundleDisplayName = Dominus;
				INFOPLIST_KEY_NSMicrophoneUsageDescription = "";
				INFOPLIST_KEY_NSSpeechRecognitionUsageDescription = "";
				INFOPLIST_KEY_UIApplicationSceneManifest_Generation = YES;
				INFOPLIST_KEY_UIApplicationSupportsIndirectInputEvents = YES;
				INFOPLIST_KEY_UILaunchScreen_Generation = YES;
				INFOPLIST_KEY_UISupportedInterfaceOrientations_iPad = "UIInterfaceOrientationPortrait UIInterfaceOrientationPortraitUpsideDown UIInterfaceOrientationLandscapeLeft UIInterfaceOrientationLandscapeRight";
				INFOPLIST_KEY_UISupportedInterfaceOrientations_iPhone = "UIInterfaceOrientationPortrait UIInterfaceOrientationLandscapeLeft UIInterfaceOrientationLandscapeRight";
				LD_RUNPATH_SEARCH_PATHS = (
					"$(inherited)",
					"@executable_path/Frameworks",
				);
				MARKETING_VERSION = 1.0;
				PRODUCT_BUNDLE_IDENTIFIER = com.creed.dominus1;
				PRODUCT_NAME = "$(TARGET_NAME)";
				STRING_CATALOG_GENERATE_SYMBOLS = YES;
				SWIFT_APPROACHABLE_CONCURRENCY = YES;
				SWIFT_DEFAULT_ACTOR_ISOLATION = MainActor;
				SWIFT_EMIT_LOC_STRINGS = YES;
				SWIFT_OBJC_BRIDGING_HEADER = "DominusApp/SherpaOnnx-Bridging-Header.h";
				SWIFT_UPCOMING_FEATURE_MEMBER_IMPORT_VISIBILITY = YES;
				SWIFT_VERSION = 5.0;
				TARGETED_DEVICE_FAMILY = "1,2";
			};
			name = Release;
		};
/* End XCBuildConfiguration section */

/* Begin XCConfigurationList section */
		1C162F382F46AE45005487FF /* Build configuration list for PBXProject "DominusApp" */ = {
			isa = XCConfigurationList;
			buildConfigurations = (
				1C162F462F46AE48005487FF /* Debug */,
				1C162F472F46AE48005487FF /* Release */,
			);
			defaultConfigurationIsVisible = 0;
			defaultConfigurationName = Release;
		};
		1C162F482F46AE48005487FF /* Build configuration list for PBXNativeTarget "DominusApp" */ = {
			isa = XCConfigurationList;
			buildConfigurations = (
				1C162F492F46AE48005487FF /* Debug */,
				1C162F4A2F46AE48005487FF /* Release */,
			);
			defaultConfigurationIsVisible = 0;
			defaultConfigurationName = Release;
		};
/* End XCConfigurationList section */

/* Begin XCRemoteSwiftPackageReference section */
		1CD94A462F9887D80065043F /* XCRemoteSwiftPackageReference "WhisperKit" */ = {
			isa = XCRemoteSwiftPackageReference;
			repositoryURL = "https://github.com/argmaxinc/WhisperKit";
			requirement = {
				branch = main;
				kind = branch;
			};
		};
		1CE31F792F8A127400F9EBE5 /* XCRemoteSwiftPackageReference "swift-llama-cpp" */ = {
			isa = XCRemoteSwiftPackageReference;
			repositoryURL = "https://github.com/pgorzelany/swift-llama-cpp";
			requirement = {
				kind = upToNextMajorVersion;
				minimumVersion = 1.2.0;
			};
		};
/* End XCRemoteSwiftPackageReference section */

/* Begin XCSwiftPackageProductDependency section */
		1CD94A6A2F9888F30065043F /* WhisperKit */ = {
			isa = XCSwiftPackageProductDependency;
			package = 1CD94A462F9887D80065043F /* XCRemoteSwiftPackageReference "WhisperKit" */;
			productName = WhisperKit;
		};
		1CE31F7A2F8A127400F9EBE5 /* SwiftLlama */ = {
			isa = XCSwiftPackageProductDependency;
			package = 1CE31F792F8A127400F9EBE5 /* XCRemoteSwiftPackageReference "swift-llama-cpp" */;
			productName = SwiftLlama;
		};
/* End XCSwiftPackageProductDependency section */
	};
	rootObject = 1C162F352F46AE45005487FF /* Project object */;
}
